// !$*UTF8*$!
{
	archiveVersion = 1;
	classes = {
	};
	objectVersion = 48;
	objects = {

/* Begin PBXBuildFile section */
		2124E4E120614F5800189B94 /* AppDelegate.swift in Sources */ = {isa = PBXBuildFile; fileRef = 2124E4E020614F5800189B94 /* AppDelegate.swift */; };
		2124E4E320614F5800189B94 /* ViewController.swift in Sources */ = {isa = PBXBuildFile; fileRef = 2124E4E220614F5800189B94 /* ViewController.swift */; };
		2124E4E620614F5800189B94 /* Main.storyboard in Resources */ = {isa = PBXBuildFile; fileRef = 2124E4E420614F5800189B94 /* Main.storyboard */; };
		2124E4E820614F5800189B94 /* Assets.xcassets in Resources */ = {isa = PBXBuildFile; fileRef = 2124E4E720614F5800189B94 /* Assets.xcassets */; };
		2124E4EB20614F5800189B94 /* LaunchScreen.storyboard in Resources */ = {isa = PBXBuildFile; fileRef = 2124E4E920614F5800189B94 /* LaunchScreen.storyboard */; };
		2124E4F620614F5900189B94 /* MusicTests.swift in Sources */ = {isa = PBXBuildFile; fileRef = 2124E4F520614F5900189B94 /* MusicTests.swift */; };
		2124E50120614F5900189B94 /* MusicUITests.swift in Sources */ = {isa = PBXBuildFile; fileRef = 2124E50020614F5900189B94 /* MusicUITests.swift */; };
/* End PBXBuildFile section */

/* Begin PBXContainerItemProxy section */
		2124E4F220614F5900189B94 /* PBXContainerItemProxy */ = {
			isa = PBXContainerItemProxy;
			containerPortal = 2124E4D520614F5800189B94 /* Project object */;
			proxyType = 1;
			remoteGlobalIDString = 2124E4DC20614F5800189B94;
			remoteInfo = Music;
		};
		2124E4FD20614F5900189B94 /* PBXContainerItemProxy */ = {
			isa = PBXContainerItemProxy;
			containerPortal = 2124E4D520614F5800189B94 /* Project object */;
			proxyType = 1;
			remoteGlobalIDString = 2124E4DC20614F5800189B94;
			remoteInfo = Music;
		};
/* End PBXContainerItemProxy section */

/* Begin PBXFileReference section */
		2124E4DD20614F5800189B94 /* Music.app */ = {isa = PBXFileReference; explicitFileType = wrapper.application; includeInIndex = 0; path = Music.app; sourceTree = BUILT_PRODUCTS_DIR; };
		2124E4E020614F5800189B94 /* AppDelegate.swift */ = {isa = PBXFileReference; lastKnownFileType = sourcecode.swift; path = AppDelegate.swift; sourceTree = "<group>"; };
		2124E4E220614F5800189B94 /* ViewController.swift */ = {isa = PBXFileReference; lastKnownFileType = sourcecode.swift; path = ViewController.swift; sourceTree = "<group>"; };
		2124E4E520614F5800189B94 /* Base */ = {isa = PBXFileReference; lastKnownFileType = file.storyboard; name = Base; path = Base.lproj/Main.storyboard; sourceTree = "<group>"; };
		2124E4E720614F5800189B94 /* Assets.xcassets */ = {isa = PBXFileReference; lastKnownFileType = folder.assetcatalog; path = Assets.xcassets; sourceTree = "<group>"; };
		2124E4EA20614F5800189B94 /* Base */ = {isa = PBXFileReference; lastKnownFileType = file.storyboard; name = Base; path = Base.lproj/LaunchScreen.storyboard; sourceTree = "<group>"; };
		2124E4EC20614F5900189B94 /* Info.plist */ = {isa = PBXFileReference; lastKnownFileType = text.plist.xml; path = Info.plist; sourceTree = "<group>"; };
		2124E4F120614F5900189B94 /* MusicTests.xctest */ = {isa = PBXFileReference; explicitFileType = wrapper.cfbundle; includeInIndex = 0; path = MusicTests.xctest; sourceTree = BUILT_PRODUCTS_DIR; };
		2124E4F520614F5900189B94 /* MusicTests.swift */ = {isa = PBXFileReference; lastKnownFileType = sourcecode.swift; path = MusicTests.swift; sourceTree = "<group>"; };
		2124E4F720614F5900189B94 /* Info.plist */ = {isa = PBXFileReference; lastKnownFileType = text.plist.xml; path = Info.plist; sourceTree = "<group>"; };
		2124E4FC20614F5900189B94 /* MusicUITests.xctest */ = {isa = PBXFileReference; explicitFileType = wrapper.cfbundle; includeInIndex = 0; path = MusicUITests.xctest; sourceTree = BUILT_PRODUCTS_DIR; };
		2124E50020614F5900189B94 /* MusicUITests.swift */ = {isa = PBXFileReference; lastKnownFileType = sourcecode.swift; path = MusicUITests.swift; sourceTree = "<group>"; };
		2124E50220614F5900189B94 /* Info.plist */ = {isa = PBXFileReference; lastKnownFileType = text.plist.xml; path = Info.plist; sourceTree = "<group>"; };
/* End PBXFileReference section */

/* Begin PBXFrameworksBuildPhase section */
		2124E4DA20614F5800189B94 /* Frameworks */ = {
			isa = PBXFrameworksBuildPhase;
			buildActionMask = 2147483647;
			files = (
			);
			runOnlyForDeploymentPostprocessing = 0;
		};
		2124E4EE20614F5900189B94 /* Frameworks */ = {
			isa = PBXFrameworksBuildPhase;
			buildActionMask = 2147483647;
			files = (
			);
			runOnlyForDeploymentPostprocessing = 0;
		};
		2124E4F920614F5900189B94 /* Frameworks */ = {
			isa = PBXFrameworksBuildPhase;
			buildActionMask = 2147483647;
			files = (
			);
			runOnlyForDeploymentPostprocessing = 0;
		};
/* End PBXFrameworksBuildPhase section */

/* Begin PBXGroup section */
		2124E4D420614F5800189B94 = {
			isa = PBXGroup;
			children = (
				2124E4DF20614F5800189B94 /* Music */,
				2124E4F420614F5900189B94 /* MusicTests */,
				2124E4FF20614F5900189B94 /* MusicUITests */,
				2124E4DE20614F5800189B94 /* Products */,
			);
			indentWidth = 3;
			sourceTree = "<group>";
		};
		2124E4DE20614F5800189B94 /* Products */ = {
			isa = PBXGroup;
			children = (
				2124E4DD20614F5800189B94 /* Music.app */,
				2124E4F120614F5900189B94 /* MusicTests.xctest */,
				2124E4FC20614F5900189B94 /* MusicUITests.xctest */,
			);
			name = Products;
			sourceTree = "<group>";
		};
		2124E4DF20614F5800189B94 /* Music */ = {
			isa = PBXGroup;
			children = (
				2124E4E020614F5800189B94 /* AppDelegate.swift */,
				2124E4E220614F5800189B94 /* ViewController.swift */,
				2124E4E420614F5800189B94 /* Main.storyboard */,
				2124E4E720614F5800189B94 /* Assets.xcassets */,
				2124E4E920614F5800189B94 /* LaunchScreen.storyboard */,
				2124E4EC20614F5900189B94 /* Info.plist */,
			);
			path = Music;
			sourceTree = "<group>";
		};
		2124E4F420614F5900189B94 /* MusicTests */ = {
			isa = PBXGroup;
			children = (
				2124E4F520614F5900189B94 /* MusicTests.swift */,
				2124E4F720614F5900189B94 /* Info.plist */,
			);
			path = MusicTests;
			sourceTree = "<group>";
		};
		2124E4FF20614F5900189B94 /* MusicUITests */ = {
			isa = PBXGroup;
			children = (
				2124E50020614F5900189B94 /* MusicUITests.swift */,
				2124E50220614F5900189B94 /* Info.plist */,
			);
			path = MusicUITests;
			sourceTree = "<group>";
		};
/* End PBXGroup section */

/* Begin PBXNativeTarget section */
		2124E4DC20614F5800189B94 /* Music */ = {
			isa = PBXNativeTarget;
			buildConfigurationList = 2124E50520614F5900189B94 /* Build configuration list for PBXNativeTarget "Music" */;
			buildPhases = (
				2124E4D920614F5800189B94 /* Sources */,
				2124E4DA20614F5800189B94 /* Frameworks */,
				2124E4DB20614F5800189B94 /* Resources */,
			);
			buildRules = (
			);
			dependencies = (
			);
			name = Music;
			productName = Music;
			productReference = 2124E4DD20614F5800189B94 /* Music.app */;
			productType = "com.apple.product-type.application";
		};
		2124E4F020614F5900189B94 /* MusicTests */ = {
			isa = PBXNativeTarget;
			buildConfigurationList = 2124E50820614F5900189B94 /* Build configuration list for PBXNativeTarget "MusicTests" */;
			buildPhases = (
				2124E4ED20614F5900189B94 /* Sources */,
				2124E4EE20614F5900189B94 /* Frameworks */,
				2124E4EF20614F5900189B94 /* Resources */,
			);
			buildRules = (
			);
			dependencies = (
				2124E4F320614F5900189B94 /* PBXTargetDependency */,
			);
			name = MusicTests;
			productName = MusicTests;
			productReference = 2124E4F120614F5900189B94 /* MusicTests.xctest */;
			productType = "com.apple.product-type.bundle.unit-test";
		};
		2124E4FB20614F5900189B94 /* MusicUITests */ = {
			isa = PBXNativeTarget;
			buildConfigurationList = 2124E50B20614F5900189B94 /* Build configuration list for PBXNativeTarget "MusicUITests" */;
			buildPhases = (
				2124E4F820614F5900189B94 /* Sources */,
				2124E4F920614F5900189B94 /* Frameworks */,
				2124E4FA20614F5900189B94 /* Resources */,
			);
			buildRules = (
			);
			dependencies = (
				2124E4FE20614F5900189B94 /* PBXTargetDependency */,
			);
			name = MusicUITests;
			productName = MusicUITests;
			productReference = 2124E4FC20614F5900189B94 /* MusicUITests.xctest */;
			productType = "com.apple.product-type.bundle.ui-testing";
		};
/* End PBXNativeTarget section */

/* Begin PBXProject section */
		2124E4D520614F5800189B94 /* Project object */ = {
			isa = PBXProject;
			attributes = {
				LastSwiftUpdateCheck = 0920;
				LastUpgradeCheck = 0920;
				ORGANIZATIONNAME = "小野　櫻";
				TargetAttributes = {
					2124E4DC20614F5800189B94 = {
						CreatedOnToolsVersion = 9.2;
						ProvisioningStyle = Automatic;
					};
					2124E4F020614F5900189B94 = {
						CreatedOnToolsVersion = 9.2;
						ProvisioningStyle = Automatic;
						TestTargetID = 2124E4DC20614F5800189B94;
					};
					2124E4FB20614F5900189B94 = {
						CreatedOnToolsVersion = 9.2;
						ProvisioningStyle = Automatic;
						TestTargetID = 2124E4DC20614F5800189B94;
					};
				};
			};
			buildConfigurationList = 2124E4D820614F5800189B94 /* Build configuration list for PBXProject "Music" */;
			compatibilityVersion = "Xcode 8.0";
			developmentRegion = en;
			hasScannedForEncodings = 0;
			knownRegions = (
				en,
				Base,
			);
			mainGroup = 2124E4D420614F5800189B94;
			productRefGroup = 2124E4DE20614F5800189B94 /* Products */;
			projectDirPath = "";
			projectRoot = "";
			targets = (
				2124E4DC20614F5800189B94 /* Music */,
				2124E4F020614F5900189B94 /* MusicTests */,
				2124E4FB20614F5900189B94 /* MusicUITests */,
			);
		};
/* End PBXProject section */

/* Begin PBXResourcesBuildPhase section */
		2124E4DB20614F5800189B94 /* Resources */ = {
			isa = PBXResourcesBuildPhase;
			buildActionMask = 2147483647;
			files = (
				2124E4EB20614F5800189B94 /* LaunchScreen.storyboard in Resources */,
				2124E4E820614F5800189B94 /* Assets.xcassets in Resources */,
				2124E4E620614F5800189B94 /* Main.storyboard in Resources */,
			);
			runOnlyForDeploymentPostprocessing = 0;
		};
		2124E4EF20614F5900189B94 /* Resources */ = {
			isa = PBXResourcesBuildPhase;
			buildActionMask = 2147483647;
			files = (
			);
			runOnlyForDeploymentPostprocessing = 0;
		};
		2124E4FA20614F5900189B94 /* Resources */ = {
			isa = PBXResourcesBuildPhase;
			buildActionMask = 2147483647;
			files = (
			);
			runOnlyForDeploymentPostprocessing = 0;
		};
/* End PBXResourcesBuildPhase section */

/* Begin PBXSourcesBuildPhase section */
		2124E4D920614F5800189B94 /* Sources */ = {
			isa = PBXSourcesBuildPhase;
			buildActionMask = 2147483647;
			files = (
				2124E4E320614F5800189B94 /* ViewController.swift in Sources */,
				2124E4E120614F5800189B94 /* AppDelegate.swift in Sources */,
			);
			runOnlyForDeploymentPostprocessing = 0;
		};
		2124E4ED20614F5900189B94 /* Sources */ = {
			isa = PBXSourcesBuildPhase;
			buildActionMask = 2147483647;
			files = (
				2124E4F620614F5900189B94 /* MusicTests.swift in Sources */,
			);
			runOnlyForDeploymentPostprocessing = 0;
		};
		2124E4F820614F5900189B94 /* Sources */ = {
			isa = PBXSourcesBuildPhase;
			buildActionMask = 2147483647;
			files = (
				2124E50120614F5900189B94 /* MusicUITests.swift in Sources */,
			);
			runOnlyForDeploymentPostprocessing = 0;
		};
/* End PBXSourcesBuildPhase section */

/* Begin PBXTargetDependency section */
		2124E4F320614F5900189B94 /* PBXTargetDependency */ = {
			isa = PBXTargetDependency;
			target = 2124E4DC20614F5800189B94 /* Music */;
			targetProxy = 2124E4F220614F5900189B94 /* PBXContainerItemProxy */;
		};
		2124E4FE20614F5900189B94 /* PBXTargetDependency */ = {
			isa = PBXTargetDependency;
			target = 2124E4DC20614F5800189B94 /* Music */;
			targetProxy = 2124E4FD20614F5900189B94 /* PBXContainerItemProxy */;
		};
/* End PBXTargetDependency section */

/* Begin PBXVariantGroup section */
		2124E4E420614F5800189B94 /* Main.storyboard */ = {
			isa = PBXVariantGroup;
			children = (
				2124E4E520614F5800189B94 /* Base */,
			);
			name = Main.storyboard;
			sourceTree = "<group>";
		};
		2124E4E920614F5800189B94 /* LaunchScreen.storyboard */ = {
			isa = PBXVariantGroup;
			children = (
				2124E4EA20614F5800189B94 /* Base */,
			);
			name = LaunchScreen.storyboard;
			sourceTree = "<group>";
		};
/* End PBXVariantGroup section */

/* Begin XCBuildConfiguration section */
		2124E50320614F5900189B94 /* Debug */ = {
			isa = XCBuildConfiguration;
			buildSettings = {
				ALWAYS_SEARCH_USER_PATHS = NO;
				CLANG_ANALYZER_NONNULL = YES;
				CLANG_ANALYZER_NUMBER_OBJECT_CONVERSION = YES_AGGRESSIVE;
				CLANG_CXX_LANGUAGE_STANDARD = "gnu++14";
				CLANG_CXX_LIBRARY = "libc++";
				CLANG_ENABLE_MODULES = YES;
				CLANG_ENABLE_OBJC_ARC = YES;
				CLANG_WARN_BLOCK_CAPTURE_AUTORELEASING = YES;
				CLANG_WARN_BOOL_CONVERSION = YES;
				CLANG_WARN_COMMA = YES;
				CLANG_WARN_CONSTANT_CONVERSION = YES;
				CLANG_WARN_DIRECT_OBJC_ISA_USAGE = YES_ERROR;
				CLANG_WARN_DOCUMENTATION_COMMENTS = YES;
				CLANG_WARN_EMPTY_BODY = YES;
				CLANG_WARN_ENUM_CONVERSION = YES;
				CLANG_WARN_INFINITE_RECURSION = YES;
				CLANG_WARN_INT_CONVERSION = YES;
				CLANG_WARN_NON_LITERAL_NULL_CONVERSION = YES;
				CLANG_WARN_OBJC_LITERAL_CONVERSION = YES;
				CLANG_WARN_OBJC_ROOT_CLASS = YES_ERROR;
				CLANG_WARN_RANGE_LOOP_ANALYSIS = YES;
				CLANG_WARN_STRICT_PROTOTYPES = YES;
				CLANG_WARN_SUSPICIOUS_MOVE = YES;
				CLANG_WARN_UNGUARDED_AVAILABILITY = YES_AGGRESSIVE;
				CLANG_WARN_UNREACHABLE_CODE = YES;
				CLANG_WARN__DUPLICATE_METHOD_MATCH = YES;
				CODE_SIGN_IDENTITY = "iPhone Developer";
				COPY_PHASE_STRIP = NO;
				DEBUG_INFORMATION_FORMAT = dwarf;
				ENABLE_STRICT_OBJC_MSGSEND = YES;
				ENABLE_TESTABILITY = YES;
				GCC_C_LANGUAGE_STANDARD = gnu11;
				GCC_DYNAMIC_NO_PIC = NO;
				GCC_NO_COMMON_BLOCKS = YES;
				GCC_OPTIMIZATION_LEVEL = 0;
				GCC_PREPROCESSOR_DEFINITIONS = (
					"DEBUG=1",
					"$(inherited)",
				);
				GCC_WARN_64_TO_32_BIT_CONVERSION = YES;
				GCC_WARN_ABOUT_RETURN_TYPE = YES_ERROR;
				GCC_WARN_UNDECLARED_SELECTOR = YES;
				GCC_WARN_UNINITIALIZED_AUTOS = YES_AGGRESSIVE;
				GCC_WARN_UNUSED_FUNCTION = YES;
				GCC_WARN_UNUSED_VARIABLE = YES;
				IPHONEOS_DEPLOYMENT_TARGET = 11.2;
				MTL_ENABLE_DEBUG_INFO = YES;
				ONLY_ACTIVE_ARCH = YES;
				SDKROOT = iphoneos;
				SWIFT_ACTIVE_COMPILATION_CONDITIONS = DEBUG;
				SWIFT_OPTIMIZATION_LEVEL = "-Onone";
			};
			name = Debug;
		};
		2124E50420614F5900189B94 /* Release */ = {
			isa = XCBuildConfiguration;
			buildSettings = {
				ALWAYS_SEARCH_USER_PATHS = NO;
				CLANG_ANALYZER_NONNULL = YES;
				CLANG_ANALYZER_NUMBER_OBJECT_CONVERSION = YES_AGGRESSIVE;
				CLANG_CXX_LANGUAGE_STANDARD = "gnu++14";
				CLANG_CXX_LIBRARY = "libc++";
				CLANG_ENABLE_MODULES = YES;
				CLANG_ENABLE_OBJC_ARC = YES;
				CLANG_WARN_BLOCK_CAPTURE_AUTORELEASING = YES;
				CLANG_WARN_BOOL_CONVERSION = YES;
				CLANG_WARN_COMMA = YES;
				CLANG_WARN_CONSTANT_CONVERSION = YES;
				CLANG_WARN_DIRECT_OBJC_ISA_USAGE = YES_ERROR;
				CLANG_WARN_DOCUMENTATION_COMMENTS = YES;
				CLANG_WARN_EMPTY_BODY = YES;
				CLANG_WARN_ENUM_CONVERSION = YES;
				CLANG_WARN_INFINITE_RECURSION = YES;
				CLANG_WARN_INT_CONVERSION = YES;
				CLANG_WARN_NON_LITERAL_NULL_CONVERSION = YES;
				CLANG_WARN_OBJC_LITERAL_CONVERSION = YES;
				CLANG_WARN_OBJC_ROOT_CLASS = YES_ERROR;
				CLANG_WARN_RANGE_LOOP_ANALYSIS = YES;
				CLANG_WARN_STRICT_PROTOTYPES = YES;
				CLANG_WARN_SUSPICIOUS_MOVE = YES;
				CLANG_WARN_UNGUARDED_AVAILABILITY = YES_AGGRESSIVE;
				CLANG_WARN_UNREACHABLE_CODE = YES;
				CLANG_WARN__DUPLICATE_METHOD_MATCH = YES;
				CODE_SIGN_IDENTITY = "iPhone Developer";
				COPY_PHASE_STRIP = NO;
				DEBUG_INFORMATION_FORMAT = "dwarf-with-dsym";
				ENABLE_NS_ASSERTIONS = NO;
				ENABLE_STRICT_OBJC_MSGSEND = YES;
				GCC_C_LANGUAGE_STANDARD = gnu11;
				GCC_NO_COMMON_BLOCKS = YES;
				GCC_WARN_64_TO_32_BIT_CONVERSION = YES;
				GCC_WARN_ABOUT_RETURN_TYPE = YES_ERROR;
				GCC_WARN_UNDECLARED_SELECTOR = YES;
				GCC_WARN_UNINITIALIZED_AUTOS = YES_AGGRESSIVE;
				GCC_WARN_UNUSED_FUNCTION = YES;
				GCC_WARN_UNUSED_VARIABLE = YES;
				IPHONEOS_DEPLOYMENT_TARGET = 11.2;
				MTL_ENABLE_DEBUG_INFO = NO;
				SDKROOT = iphoneos;
				SWIFT_OPTIMIZATION_LEVEL = "-Owholemodule";
				VALIDATE_PRODUCT = YES;
			};
			name = Release;
		};
		2124E50620614F5900189B94 /* Debug */ = {
			isa = XCBuildConfiguration;
			buildSettings = {
				ASSETCATALOG_COMPILER_APPICON_NAME = AppIcon;
				CODE_SIGN_STYLE = Automatic;
				INFOPLIST_FILE = Music/Info.plist;
				LD_RUNPATH_SEARCH_PATHS = "$(inherited) @executable_path/Frameworks";
				PRODUCT_BUNDLE_IDENTIFIER = com.SakuraOno.Music;
				PRODUCT_NAME = "$(TARGET_NAME)";
				SWIFT_VERSION = 4.0;
				TARGETED_DEVICE_FAMILY = "1,2";
			};
			name = Debug;
		};
		2124E50720614F5900189B94 /* Release */ = {
			isa = XCBuildConfiguration;
			buildSettings = {
				ASSETCATALOG_COMPILER_APPICON_NAME = AppIcon;
				CODE_SIGN_STYLE = Automatic;
				INFOPLIST_FILE = Music/Info.plist;
				LD_RUNPATH_SEARCH_PATHS = "$(inherited) @executable_path/Frameworks";
				PRODUCT_BUNDLE_IDENTIFIER = com.SakuraOno.Music;
				PRODUCT_NAME = "$(TARGET_NAME)";
				SWIFT_VERSION = 4.0;
				TARGETED_DEVICE_FAMILY = "1,2";
			};
			name = Release;
		};
		2124E50920614F5900189B94 /* Debug */ = {
			isa = XCBuildConfiguration;
			buildSettings = {
				ALWAYS_EMBED_SWIFT_STANDARD_LIBRARIES = YES;
				BUNDLE_LOADER = "$(TEST_HOST)";
				CODE_SIGN_STYLE = Automatic;
				INFOPLIST_FILE = MusicTests/Info.plist;
				LD_RUNPATH_SEARCH_PATHS = "$(inherited) @executable_path/Frameworks @loader_path/Frameworks";
				PRODUCT_BUNDLE_IDENTIFIER = com.SakuraOno.MusicTests;
				PRODUCT_NAME = "$(TARGET_NAME)";
				SWIFT_VERSION = 4.0;
				TARGETED_DEVICE_FAMILY = "1,2";
				TEST_HOST = "$(BUILT_PRODUCTS_DIR)/Music.app/Music";
			};
			name = Debug;
		};
		2124E50A20614F5900189B94 /* Release */ = {
			isa = XCBuildConfiguration;
			buildSettings = {
				ALWAYS_EMBED_SWIFT_STANDARD_LIBRARIES = YES;
				BUNDLE_LOADER = "$(TEST_HOST)";
				CODE_SIGN_STYLE = Automatic;
				INFOPLIST_FILE = MusicTests/Info.plist;
				LD_RUNPATH_SEARCH_PATHS = "$(inherited) @executable_path/Frameworks @loader_path/Frameworks";
				PRODUCT_BUNDLE_IDENTIFIER = com.SakuraOno.MusicTests;
				PRODUCT_NAME = "$(TARGET_NAME)";
				SWIFT_VERSION = 4.0;
				TARGETED_DEVICE_FAMILY = "1,2";
				TEST_HOST = "$(BUILT_PRODUCTS_DIR)/Music.app/Music";
			};
			name = Release;
		};
		2124E50C20614F5900189B94 /* Debug */ = {
			isa = XCBuildConfiguration;
			buildSettings = {
				ALWAYS_EMBED_SWIFT_STANDARD_LIBRARIES = YES;
				CODE_SIGN_STYLE = Automatic;
				INFOPLIST_FILE = MusicUITests/Info.plist;
				LD_RUNPATH_SEARCH_PATHS = "$(inherited) @executable_path/Frameworks @loader_path/Frameworks";
				PRODUCT_BUNDLE_IDENTIFIER = com.SakuraOno.MusicUITests;
				PRODUCT_NAME = "$(TARGET_NAME)";
				SWIFT_VERSION = 4.0;
				TARGETED_DEVICE_FAMILY = "1,2";
				TEST_TARGET_NAME = Music;
			};
			name = Debug;
		};
		2124E50D20614F5900189B94 /* Release */ = {
			isa = XCBuildConfiguration;
			buildSettings = {
				ALWAYS_EMBED_SWIFT_STANDARD_LIBRARIES = YES;
				CODE_SIGN_STYLE = Automatic;
				INFOPLIST_FILE = MusicUITests/Info.plist;
				LD_RUNPATH_SEARCH_PATHS = "$(inherited) @executable_path/Frameworks @loader_path/Frameworks";
				PRODUCT_BUNDLE_IDENTIFIER = com.SakuraOno.MusicUITests;
				PRODUCT_NAME = "$(TARGET_NAME)";
				SWIFT_VERSION = 4.0;
				TARGETED_DEVICE_FAMILY = "1,2";
				TEST_TARGET_NAME = Music;
			};
			name = Release;
		};
/* End XCBuildConfiguration section */

/* Begin XCConfigurationList section */
		2124E4D820614F5800189B94 /* Build configuration list for PBXProject "Music" */ = {
			isa = XCConfigurationList;
			buildConfigurations = (
				2124E50320614F5900189B94 /* Debug */,
				2124E50420614F5900189B94 /* Release */,
			);
			defaultConfigurationIsVisible = 0;
			defaultConfigurationName = Release;
		};
		2124E50520614F5900189B94 /* Build configuration list for PBXNativeTarget "Music" */ = {
			isa = XCConfigurationList;
			buildConfigurations = (
				2124E50620614F5900189B94 /* Debug */,
				2124E50720614F5900189B94 /* Release */,
			);
			defaultConfigurationIsVisible = 0;
			defaultConfigurationName = Release;
		};
		2124E50820614F5900189B94 /* Build configuration list for PBXNativeTarget "MusicTests" */ = {
			isa = XCConfigurationList;
			buildConfigurations = (
				2124E50920614F5900189B94 /* Debug */,
				2124E50A20614F5900189B94 /* Release */,
			);
			defaultConfigurationIsVisible = 0;
			defaultConfigurationName = Release;
		};
		2124E50B20614F5900189B94 /* Build configuration list for PBXNativeTarget "MusicUITests" */ = {
			isa = XCConfigurationList;
			buildConfigurations = (
				2124E50C20614F5900189B94 /* Debug */,
				2124E50D20614F5900189B94 /* Release */,
			);
			defaultConfigurationIsVisible = 0;
			defaultConfigurationName = Release;
		};
/* End XCConfigurationList section */
	};
	rootObject = 2124E4D520614F5800189B94 /* Project object */;
}
